
Microsoft Visual Studio Solution File, Format Version 12.00
# Visual Studio Version 16
VisualStudioVersion = 16.0.29519.87
MinimumVisualStudioVersion = 10.0.40219.1
Project("{FAE04EC0-301F-11D3-BF4B-00C04F79EFBC}") = "BulkPushConsoleApp", "BulkPushConsoleApp.csproj", "{CFB2CA0A-5D64-48A8-8BDC-9D1A3CB74A5B}"
EndProject
Global
	GlobalSection(SolutionConfigurationPlatforms) = preSolution
		Debug|Any CPU = Debug|Any CPU
		Release|Any CPU = Release|Any CPU
	EndGlobalSection
	GlobalSection(ProjectConfigurationPlatforms) = postSolution
		{CFB2CA0A-5D64-48A8-8BDC-9D1A3CB74A5B}.Debug|Any CPU.ActiveCfg = Debug|Any CPU
		{CFB2CA0A-5D64-48A8-8BDC-9D1A3CB74A5B}.Debug|Any CPU.Build.0 = Debug|Any CPU
		{CFB2CA0A-5D64-48A8-8BDC-9D1A3CB74A5B}.Release|Any CPU.ActiveCfg = Release|Any CPU
		{CFB2CA0A-5D64-48A8-8BDC-9D1A3CB74A5B}.Release|Any CPU.Build.0 = Release|Any CPU
	EndGlobalSection
	GlobalSection(SolutionProperties) = preSolution
		HideSolutionNode = FALSE
	EndGlobalSection
	GlobalSection(ExtensibilityGlobals) = postSolution
		SolutionGuid = {E45F695B-5992-41E4-8D96-ABE1C8D2681B}
	EndGlobalSection
EndGlobal
