
Microsoft Visual Studio Solution File, Format Version 12.00
# Visual Studio Version 16
VisualStudioVersion = 16.0.30320.27
MinimumVisualStudioVersion = 10.0.40219.1
Project("{FAE04EC0-301F-11D3-BF4B-00C04F79EFBC}") = "SPPipAPI_SSOM", "SPPipAPI_SSOM\SPPipAPI_SSOM.csproj", "{B55B4F94-FE03-425B-9774-457D2F7C2C68}"
EndProject
Global
	GlobalSection(SolutionConfigurationPlatforms) = preSolution
		Debug|Any CPU = Debug|Any CPU
		Release|Any CPU = Release|Any CPU
	EndGlobalSection
	GlobalSection(ProjectConfigurationPlatforms) = postSolution
		{B55B4F94-FE03-425B-9774-457D2F7C2C68}.Debug|Any CPU.ActiveCfg = Debug|Any CPU
		{B55B4F94-FE03-425B-9774-457D2F7C2C68}.Debug|Any CPU.Build.0 = Debug|Any CPU
		{B55B4F94-FE03-425B-9774-457D2F7C2C68}.Release|Any CPU.ActiveCfg = Release|Any CPU
		{B55B4F94-FE03-425B-9774-457D2F7C2C68}.Release|Any CPU.Build.0 = Release|Any CPU
	EndGlobalSection
	GlobalSection(SolutionProperties) = preSolution
		HideSolutionNode = FALSE
	EndGlobalSection
	GlobalSection(ExtensibilityGlobals) = postSolution
		SolutionGuid = {BE8D9684-973E-4507-B832-634F4077D3F7}
	EndGlobalSection
EndGlobal
