
Microsoft Visual Studio Solution File, Format Version 12.00
# Visual Studio Version 16
VisualStudioVersion = 16.0.30320.27
MinimumVisualStudioVersion = 10.0.40219.1
Project("{FAE04EC0-301F-11D3-BF4B-00C04F79EFBC}") = "copylist items", "copylist items\copylist items.csproj", "{0F4E76FB-97D8-4F13-A770-6E75BA21A40D}"
EndProject
Global
	GlobalSection(SolutionConfigurationPlatforms) = preSolution
		Debug|Any CPU = Debug|Any CPU
		Release|Any CPU = Release|Any CPU
	EndGlobalSection
	GlobalSection(ProjectConfigurationPlatforms) = postSolution
		{0F4E76FB-97D8-4F13-A770-6E75BA21A40D}.Debug|Any CPU.ActiveCfg = Debug|Any CPU
		{0F4E76FB-97D8-4F13-A770-6E75BA21A40D}.Debug|Any CPU.Build.0 = Debug|Any CPU
		{0F4E76FB-97D8-4F13-A770-6E75BA21A40D}.Release|Any CPU.ActiveCfg = Release|Any CPU
		{0F4E76FB-97D8-4F13-A770-6E75BA21A40D}.Release|Any CPU.Build.0 = Release|Any CPU
	EndGlobalSection
	GlobalSection(SolutionProperties) = preSolution
		HideSolutionNode = FALSE
	EndGlobalSection
	GlobalSection(ExtensibilityGlobals) = postSolution
		SolutionGuid = {A735DB63-69D4-48F6-B09C-9A29EC0ED7A5}
	EndGlobalSection
EndGlobal
