
Microsoft Visual Studio Solution File, Format Version 12.00
# Visual Studio Version 16
VisualStudioVersion = 16.0.29519.87
MinimumVisualStudioVersion = 10.0.40219.1
Project("{FAE04EC0-301F-11D3-BF4B-00C04F79EFBC}") = "SPPipAPi", "SPPipAPi.csproj", "{41809676-CD82-48EF-9D10-E83FEF688DB8}"
EndProject
Global
	GlobalSection(SolutionConfigurationPlatforms) = preSolution
		Debug|Any CPU = Debug|Any CPU
		Release|Any CPU = Release|Any CPU
	EndGlobalSection
	GlobalSection(ProjectConfigurationPlatforms) = postSolution
		{41809676-CD82-48EF-9D10-E83FEF688DB8}.Debug|Any CPU.ActiveCfg = Debug|Any CPU
		{41809676-CD82-48EF-9D10-E83FEF688DB8}.Debug|Any CPU.Build.0 = Debug|Any CPU
		{41809676-CD82-48EF-9D10-E83FEF688DB8}.Release|Any CPU.ActiveCfg = Release|Any CPU
		{41809676-CD82-48EF-9D10-E83FEF688DB8}.Release|Any CPU.Build.0 = Release|Any CPU
	EndGlobalSection
	GlobalSection(SolutionProperties) = preSolution
		HideSolutionNode = FALSE
	EndGlobalSection
	GlobalSection(ExtensibilityGlobals) = postSolution
		SolutionGuid = {47A26098-5E38-4572-9A39-93D3D3D04CAF}
	EndGlobalSection
EndGlobal
